{
  "originHash" : "f9e78cfca1033da0544ec8e06beb9ce7a8b3aefca58c6cf1f15d59afc7b432fc",
  "pins" : [
    {
      "identity" : "exceptioncatcher",
      "kind" : "remoteSourceControl",
      "location" : "https://github.com/sindresorhus/ExceptionCatcher",
      "state" : {
        "revision" : "a7acaf40f8bd67a1f3a05a14de5b6a861ac3d1ac",
        "version" : "2.0.1"
      }
    },
    {
      "identity" : "swift-log",
      "kind" : "remoteSourceControl",
      "location" : "https://github.com/apple/swift-log",
      "state" : {
        "revision" : "a878e7f8f46cfc0e1125e565b5c08e7d5272dc9a",
        "version" : "1.14.0"
      }
    }
  ],
  "version" : 3
}
