{
  "originHash" : "7e23dcd867f05917b9143078d5c02d73f0d92edb1da3562ed39bf0cd6b83d1f1",
  "pins" : [
    {
      "identity" : "exceptioncatcher",
      "kind" : "remoteSourceControl",
      "location" : "https://github.com/sindresorhus/ExceptionCatcher",
      "state" : {
        "revision" : "9e57a89e7ed5e11cbc04fbaa5f1397448f91bb73",
        "version" : "2.2.0"
      }
    }
  ],
  "version" : 3
}
