{
  "originHash" : "cfcaa347ccddf9976779215207da7daf4553fc5794713fd8bdc88cba8c860d8d",
  "pins" : [
    {
      "identity" : "exceptioncatcher",
      "kind" : "remoteSourceControl",
      "location" : "https://github.com/sindresorhus/ExceptionCatcher",
      "state" : {
        "revision" : "9d99a736e17f67ab3aa333c0dad7ed2ee9d6b2b9",
        "version" : "2.0.0"
      }
    }
  ],
  "version" : 3
}
